
Microsoft Visual Studio Solution File, Format Version 12.00
# Visual Studio Version 16
VisualStudioVersion = 16.0.31313.79
MinimumVisualStudioVersion = 10.0.40219.1
Project("{FAE04EC0-301F-11D3-BF4B-00C04F79EFBC}") = "INSIGHT", "INSIGHT\INSIGHT.csproj", "{B81DDF83-F206-4158-8A53-15B22D798F3D}"
EndProject
Global
	GlobalSection(SolutionConfigurationPlatforms) = preSolution
		Debug|Any CPU = Debug|Any CPU
		Release|Any CPU = Release|Any CPU
	EndGlobalSection
	GlobalSection(ProjectConfigurationPlatforms) = postSolution
		{B81DDF83-F206-4158-8A53-15B22D798F3D}.Debug|Any CPU.ActiveCfg = Debug|Any CPU
		{B81DDF83-F206-4158-8A53-15B22D798F3D}.Debug|Any CPU.Build.0 = Debug|Any CPU
		{B81DDF83-F206-4158-8A53-15B22D798F3D}.Release|Any CPU.ActiveCfg = Release|Any CPU
		{B81DDF83-F206-4158-8A53-15B22D798F3D}.Release|Any CPU.Build.0 = Release|Any CPU
	EndGlobalSection
	GlobalSection(SolutionProperties) = preSolution
		HideSolutionNode = FALSE
	EndGlobalSection
	GlobalSection(ExtensibilityGlobals) = postSolution
		SolutionGuid = {37582485-8C6D-4275-9779-C4A16F0A7AC2}
	EndGlobalSection
EndGlobal
